// !$*UTF8*$!
{
	archiveVersion = 1;
	classes = {
	};
	objectVersion = 46;
	objects = {

/* Begin PBXBuildFile section */
		9DC2FAC21CADE9B6003094A4 /* main.cpp in Sources */ = {isa = PBXBuildFile; fileRef = 9DC2FAC11CADE9B6003094A4 /* main.cpp */; };
		9DC2FACA1CADE9EA003094A4 /* Name.cpp in Sources */ = {isa = PBXBuildFile; fileRef = 9DC2FAC81CADE9EA003094A4 /* Name.cpp */; };
		9DC2FACD1CADEA7C003094A4 /* Transaction.cpp in Sources */ = {isa = PBXBuildFile; fileRef = 9DC2FACB1CADEA7C003094A4 /* Transaction.cpp */; };
		9DC2FAD01CADEB33003094A4 /* Depositor.cpp in Sources */ = {isa = PBXBuildFile; fileRef = 9DC2FACE1CADEB33003094A4 /* Depositor.cpp */; };
		9DC2FAD31CADEB91003094A4 /* Bank.cpp in Sources */ = {isa = PBXBuildFile; fileRef = 9DC2FAD11CADEB91003094A4 /* Bank.cpp */; };
		9DC2FAD61CADEB99003094A4 /* Account.cpp in Sources */ = {isa = PBXBuildFile; fileRef = 9DC2FAD41CADEB99003094A4 /* Account.cpp */; };
/* End PBXBuildFile section */

/* Begin PBXCopyFilesBuildPhase section */
		9DC2FABC1CADE9B6003094A4 /* CopyFiles */ = {
			isa = PBXCopyFilesBuildPhase;
			buildActionMask = 2147483647;
			dstPath = /usr/share/man/man1/;
			dstSubfolderSpec = 0;
			files = (
			);
			runOnlyForDeploymentPostprocessing = 1;
		};
/* End PBXCopyFilesBuildPhase section */

/* Begin PBXFileReference section */
		9DC2FABE1CADE9B6003094A4 /* Banking System */ = {isa = PBXFileReference; explicitFileType = "compiled.mach-o.executable"; includeInIndex = 0; path = "Banking System"; sourceTree = BUILT_PRODUCTS_DIR; };
		9DC2FAC11CADE9B6003094A4 /* main.cpp */ = {isa = PBXFileReference; lastKnownFileType = sourcecode.cpp.cpp; path = main.cpp; sourceTree = "<group>"; };
		9DC2FAC81CADE9EA003094A4 /* Name.cpp */ = {isa = PBXFileReference; fileEncoding = 4; lastKnownFileType = sourcecode.cpp.cpp; path = Name.cpp; sourceTree = "<group>"; };
		9DC2FAC91CADE9EA003094A4 /* Name.hpp */ = {isa = PBXFileReference; fileEncoding = 4; lastKnownFileType = sourcecode.cpp.h; path = Name.hpp; sourceTree = "<group>"; };
		9DC2FACB1CADEA7C003094A4 /* Transaction.cpp */ = {isa = PBXFileReference; fileEncoding = 4; lastKnownFileType = sourcecode.cpp.cpp; path = Transaction.cpp; sourceTree = "<group>"; };
		9DC2FACC1CADEA7C003094A4 /* Transaction.hpp */ = {isa = PBXFileReference; fileEncoding = 4; lastKnownFileType = sourcecode.cpp.h; path = Transaction.hpp; sourceTree = "<group>"; };
		9DC2FACE1CADEB33003094A4 /* Depositor.cpp */ = {isa = PBXFileReference; fileEncoding = 4; lastKnownFileType = sourcecode.cpp.cpp; path = Depositor.cpp; sourceTree = "<group>"; };
		9DC2FACF1CADEB33003094A4 /* Depositor.hpp */ = {isa = PBXFileReference; fileEncoding = 4; lastKnownFileType = sourcecode.cpp.h; path = Depositor.hpp; sourceTree = "<group>"; };
		9DC2FAD11CADEB91003094A4 /* Bank.cpp */ = {isa = PBXFileReference; fileEncoding = 4; lastKnownFileType = sourcecode.cpp.cpp; path = Bank.cpp; sourceTree = "<group>"; };
		9DC2FAD21CADEB91003094A4 /* Bank.hpp */ = {isa = PBXFileReference; fileEncoding = 4; lastKnownFileType = sourcecode.cpp.h; path = Bank.hpp; sourceTree = "<group>"; };
		9DC2FAD41CADEB99003094A4 /* Account.cpp */ = {isa = PBXFileReference; fileEncoding = 4; lastKnownFileType = sourcecode.cpp.cpp; path = Account.cpp; sourceTree = "<group>"; };
		9DC2FAD51CADEB99003094A4 /* Account.hpp */ = {isa = PBXFileReference; fileEncoding = 4; lastKnownFileType = sourcecode.cpp.h; path = Account.hpp; sourceTree = "<group>"; };
		9DC2FAD71CADECB7003094A4 /* myinput */ = {isa = PBXFileReference; fileEncoding = 4; lastKnownFileType = text; name = myinput; path = "../../../../Library/Developer/Xcode/DerivedData/Banking_System-bhlwipcldtuhomgvtzkfqfdkipcn/Build/Products/Debug/myinput"; sourceTree = "<group>"; };
/* End PBXFileReference section */

/* Begin PBXFrameworksBuildPhase section */
		9DC2FABB1CADE9B6003094A4 /* Frameworks */ = {
			isa = PBXFrameworksBuildPhase;
			buildActionMask = 2147483647;
			files = (
			);
			runOnlyForDeploymentPostprocessing = 0;
		};
/* End PBXFrameworksBuildPhase section */

/* Begin PBXGroup section */
		9DC2FAB51CADE9B6003094A4 = {
			isa = PBXGroup;
			children = (
				9DC2FAC01CADE9B6003094A4 /* Banking System */,
				9DC2FABF1CADE9B6003094A4 /* Products */,
			);
			sourceTree = "<group>";
		};
		9DC2FABF1CADE9B6003094A4 /* Products */ = {
			isa = PBXGroup;
			children = (
				9DC2FABE1CADE9B6003094A4 /* Banking System */,
			);
			name = Products;
			sourceTree = "<group>";
		};
		9DC2FAC01CADE9B6003094A4 /* Banking System */ = {
			isa = PBXGroup;
			children = (
				9DC2FAC11CADE9B6003094A4 /* main.cpp */,
				9DC2FAD71CADECB7003094A4 /* myinput */,
				9DC2FACE1CADEB33003094A4 /* Depositor.cpp */,
				9DC2FACF1CADEB33003094A4 /* Depositor.hpp */,
				9DC2FAC81CADE9EA003094A4 /* Name.cpp */,
				9DC2FAD11CADEB91003094A4 /* Bank.cpp */,
				9DC2FAD21CADEB91003094A4 /* Bank.hpp */,
				9DC2FAD41CADEB99003094A4 /* Account.cpp */,
				9DC2FAD51CADEB99003094A4 /* Account.hpp */,
				9DC2FAC91CADE9EA003094A4 /* Name.hpp */,
				9DC2FACB1CADEA7C003094A4 /* Transaction.cpp */,
				9DC2FACC1CADEA7C003094A4 /* Transaction.hpp */,
			);
			path = "Banking System";
			sourceTree = "<group>";
		};
/* End PBXGroup section */

/* Begin PBXNativeTarget section */
		9DC2FABD1CADE9B6003094A4 /* Banking System */ = {
			isa = PBXNativeTarget;
			buildConfigurationList = 9DC2FAC51CADE9B6003094A4 /* Build configuration list for PBXNativeTarget "Banking System" */;
			buildPhases = (
				9DC2FABA1CADE9B6003094A4 /* Sources */,
				9DC2FABB1CADE9B6003094A4 /* Frameworks */,
				9DC2FABC1CADE9B6003094A4 /* CopyFiles */,
			);
			buildRules = (
			);
			dependencies = (
			);
			name = "Banking System";
			productName = "Banking System";
			productReference = 9DC2FABE1CADE9B6003094A4 /* Banking System */;
			productType = "com.apple.product-type.tool";
		};
/* End PBXNativeTarget section */

/* Begin PBXProject section */
		9DC2FAB61CADE9B6003094A4 /* Project object */ = {
			isa = PBXProject;
			attributes = {
				LastUpgradeCheck = 0720;
				ORGANIZATIONNAME = "Farooq Khan";
				TargetAttributes = {
					9DC2FABD1CADE9B6003094A4 = {
						CreatedOnToolsVersion = 7.2;
					};
				};
			};
			buildConfigurationList = 9DC2FAB91CADE9B6003094A4 /* Build configuration list for PBXProject "Banking System" */;
			compatibilityVersion = "Xcode 3.2";
			developmentRegion = English;
			hasScannedForEncodings = 0;
			knownRegions = (
				en,
			);
			mainGroup = 9DC2FAB51CADE9B6003094A4;
			productRefGroup = 9DC2FABF1CADE9B6003094A4 /* Products */;
			projectDirPath = "";
			projectRoot = "";
			targets = (
				9DC2FABD1CADE9B6003094A4 /* Banking System */,
			);
		};
/* End PBXProject section */

/* Begin PBXSourcesBuildPhase section */
		9DC2FABA1CADE9B6003094A4 /* Sources */ = {
			isa = PBXSourcesBuildPhase;
			buildActionMask = 2147483647;
			files = (
				9DC2FACD1CADEA7C003094A4 /* Transaction.cpp in Sources */,
				9DC2FAD61CADEB99003094A4 /* Account.cpp in Sources */,
				9DC2FACA1CADE9EA003094A4 /* Name.cpp in Sources */,
				9DC2FAC21CADE9B6003094A4 /* main.cpp in Sources */,
				9DC2FAD01CADEB33003094A4 /* Depositor.cpp in Sources */,
				9DC2FAD31CADEB91003094A4 /* Bank.cpp in Sources */,
			);
			runOnlyForDeploymentPostprocessing = 0;
		};
/* End PBXSourcesBuildPhase section */

/* Begin XCBuildConfiguration section */
		9DC2FAC31CADE9B6003094A4 /* Debug */ = {
			isa = XCBuildConfiguration;
			buildSettings = {
				ALWAYS_SEARCH_USER_PATHS = NO;
				CLANG_CXX_LANGUAGE_STANDARD = "gnu++0x";
				CLANG_CXX_LIBRARY = "libc++";
				CLANG_ENABLE_MODULES = YES;
				CLANG_ENABLE_OBJC_ARC = YES;
				CLANG_WARN_BOOL_CONVERSION = YES;
				CLANG_WARN_CONSTANT_CONVERSION = YES;
				CLANG_WARN_DIRECT_OBJC_ISA_USAGE = YES_ERROR;
				CLANG_WARN_EMPTY_BODY = YES;
				CLANG_WARN_ENUM_CONVERSION = YES;
				CLANG_WARN_INT_CONVERSION = YES;
				CLANG_WARN_OBJC_ROOT_CLASS = YES_ERROR;
				CLANG_WARN_UNREACHABLE_CODE = YES;
				CLANG_WARN__DUPLICATE_METHOD_MATCH = YES;
				CODE_SIGN_IDENTITY = "-";
				COPY_PHASE_STRIP = NO;
				DEBUG_INFORMATION_FORMAT = dwarf;
				ENABLE_STRICT_OBJC_MSGSEND = YES;
				ENABLE_TESTABILITY = YES;
				GCC_C_LANGUAGE_STANDARD = gnu99;
				GCC_DYNAMIC_NO_PIC = NO;
				GCC_NO_COMMON_BLOCKS = YES;
				GCC_OPTIMIZATION_LEVEL = 0;
				GCC_PREPROCESSOR_DEFINITIONS = (
					"DEBUG=1",
					"$(inherited)",
				);
				GCC_WARN_64_TO_32_BIT_CONVERSION = YES;
				GCC_WARN_ABOUT_RETURN_TYPE = YES_ERROR;
				GCC_WARN_UNDECLARED_SELECTOR = YES;
				GCC_WARN_UNINITIALIZED_AUTOS = YES_AGGRESSIVE;
				GCC_WARN_UNUSED_FUNCTION = YES;
				GCC_WARN_UNUSED_VARIABLE = YES;
				MACOSX_DEPLOYMENT_TARGET = 10.11;
				MTL_ENABLE_DEBUG_INFO = YES;
				ONLY_ACTIVE_ARCH = YES;
				SDKROOT = macosx;
			};
			name = Debug;
		};
		9DC2FAC41CADE9B6003094A4 /* Release */ = {
			isa = XCBuildConfiguration;
			buildSettings = {
				ALWAYS_SEARCH_USER_PATHS = NO;
				CLANG_CXX_LANGUAGE_STANDARD = "gnu++0x";
				CLANG_CXX_LIBRARY = "libc++";
				CLANG_ENABLE_MODULES = YES;
				CLANG_ENABLE_OBJC_ARC = YES;
				CLANG_WARN_BOOL_CONVERSION = YES;
				CLANG_WARN_CONSTANT_CONVERSION = YES;
				CLANG_WARN_DIRECT_OBJC_ISA_USAGE = YES_ERROR;
				CLANG_WARN_EMPTY_BODY = YES;
				CLANG_WARN_ENUM_CONVERSION = YES;
				CLANG_WARN_INT_CONVERSION = YES;
				CLANG_WARN_OBJC_ROOT_CLASS = YES_ERROR;
				CLANG_WARN_UNREACHABLE_CODE = YES;
				CLANG_WARN__DUPLICATE_METHOD_MATCH = YES;
				CODE_SIGN_IDENTITY = "-";
				COPY_PHASE_STRIP = NO;
				DEBUG_INFORMATION_FORMAT = "dwarf-with-dsym";
				ENABLE_NS_ASSERTIONS = NO;
				ENABLE_STRICT_OBJC_MSGSEND = YES;
				GCC_C_LANGUAGE_STANDARD = gnu99;
				GCC_NO_COMMON_BLOCKS = YES;
				GCC_WARN_64_TO_32_BIT_CONVERSION = YES;
				GCC_WARN_ABOUT_RETURN_TYPE = YES_ERROR;
				GCC_WARN_UNDECLARED_SELECTOR = YES;
				GCC_WARN_UNINITIALIZED_AUTOS = YES_AGGRESSIVE;
				GCC_WARN_UNUSED_FUNCTION = YES;
				GCC_WARN_UNUSED_VARIABLE = YES;
				MACOSX_DEPLOYMENT_TARGET = 10.11;
				MTL_ENABLE_DEBUG_INFO = NO;
				SDKROOT = macosx;
			};
			name = Release;
		};
		9DC2FAC61CADE9B6003094A4 /* Debug */ = {
			isa = XCBuildConfiguration;
			buildSettings = {
				PRODUCT_NAME = "$(TARGET_NAME)";
			};
			name = Debug;
		};
		9DC2FAC71CADE9B6003094A4 /* Release */ = {
			isa = XCBuildConfiguration;
			buildSettings = {
				PRODUCT_NAME = "$(TARGET_NAME)";
			};
			name = Release;
		};
/* End XCBuildConfiguration section */

/* Begin XCConfigurationList section */
		9DC2FAB91CADE9B6003094A4 /* Build configuration list for PBXProject "Banking System" */ = {
			isa = XCConfigurationList;
			buildConfigurations = (
				9DC2FAC31CADE9B6003094A4 /* Debug */,
				9DC2FAC41CADE9B6003094A4 /* Release */,
			);
			defaultConfigurationIsVisible = 0;
			defaultConfigurationName = Release;
		};
		9DC2FAC51CADE9B6003094A4 /* Build configuration list for PBXNativeTarget "Banking System" */ = {
			isa = XCConfigurationList;
			buildConfigurations = (
				9DC2FAC61CADE9B6003094A4 /* Debug */,
				9DC2FAC71CADE9B6003094A4 /* Release */,
			);
			defaultConfigurationIsVisible = 0;
		};
/* End XCConfigurationList section */
	};
	rootObject = 9DC2FAB61CADE9B6003094A4 /* Project object */;
}
